// !$*UTF8*$!
{
	archiveVersion = 1;
	classes = {
	};
	objectVersion = 46;
	objects = {

/* Begin PBXBuildFile section */
		2E2817291E844BCD00069BCA /* QueueDisplayViewController.swift in Sources */ = {isa = PBXBuildFile; fileRef = 2E2817281E844BCD00069BCA /* QueueDisplayViewController.swift */; };
		2E28172B1E845AF700069BCA /* AirportDetailsViewController.swift in Sources */ = {isa = PBXBuildFile; fileRef = 2E28172A1E845AF700069BCA /* AirportDetailsViewController.swift */; };
		2E28172F1E845BF600069BCA /* MKButton.swift in Sources */ = {isa = PBXBuildFile; fileRef = 2E28172C1E845BF600069BCA /* MKButton.swift */; };
		2E2817301E845BF600069BCA /* MKLayer.swift in Sources */ = {isa = PBXBuildFile; fileRef = 2E28172D1E845BF600069BCA /* MKLayer.swift */; };
		2E2817311E845BF600069BCA /* MKTextField.swift in Sources */ = {isa = PBXBuildFile; fileRef = 2E28172E1E845BF600069BCA /* MKTextField.swift */; };
		2E2817331E845C2900069BCA /* MKColor.swift in Sources */ = {isa = PBXBuildFile; fileRef = 2E2817321E845C2900069BCA /* MKColor.swift */; };
		2E28173A1E84F3E400069BCA /* BoardView.xib in Resources */ = {isa = PBXBuildFile; fileRef = 2E2817391E84F3E400069BCA /* BoardView.xib */; };
		2E28173C1E84F58B00069BCA /* BoardView.swift in Sources */ = {isa = PBXBuildFile; fileRef = 2E28173B1E84F58B00069BCA /* BoardView.swift */; };
		2E2959AF1E82F0BC0083141A /* AppDelegate.swift in Sources */ = {isa = PBXBuildFile; fileRef = 2E2959AE1E82F0BC0083141A /* AppDelegate.swift */; };
		2E2959B11E82F0BC0083141A /* MapViewController.swift in Sources */ = {isa = PBXBuildFile; fileRef = 2E2959B01E82F0BC0083141A /* MapViewController.swift */; };
		2E2959B41E82F0BD0083141A /* Main.storyboard in Resources */ = {isa = PBXBuildFile; fileRef = 2E2959B21E82F0BD0083141A /* Main.storyboard */; };
		2E2959B61E82F0BD0083141A /* Images.xcassets in Resources */ = {isa = PBXBuildFile; fileRef = 2E2959B51E82F0BD0083141A /* Images.xcassets */; };
		2E2959B91E82F0BD0083141A /* LaunchScreen.storyboard in Resources */ = {isa = PBXBuildFile; fileRef = 2E2959B71E82F0BD0083141A /* LaunchScreen.storyboard */; };
		2E2959C21E82F3740083141A /* GoogleMapsBase.framework in Frameworks */ = {isa = PBXBuildFile; fileRef = 2E2959C11E82F3740083141A /* GoogleMapsBase.framework */; };
		2E2959C61E82F3A60083141A /* GoogleMaps.framework in Frameworks */ = {isa = PBXBuildFile; fileRef = 2E2959C51E82F3A60083141A /* GoogleMaps.framework */; };
		2E2959C81E82F3B30083141A /* GoogleMapsCore.framework in Frameworks */ = {isa = PBXBuildFile; fileRef = 2E2959C71E82F3B30083141A /* GoogleMapsCore.framework */; };
		2E2959CA1E82F3F40083141A /* GoogleMaps.bundle in Resources */ = {isa = PBXBuildFile; fileRef = 2E2959C91E82F3F40083141A /* GoogleMaps.bundle */; };
		2E2959CD1E82F4200083141A /* Accelerate.framework in Frameworks */ = {isa = PBXBuildFile; fileRef = 2E2959CC1E82F4200083141A /* Accelerate.framework */; };
		2E2959CF1E82F4290083141A /* CoreData.framework in Frameworks */ = {isa = PBXBuildFile; fileRef = 2E2959CE1E82F4290083141A /* CoreData.framework */; };
		2E2959D11E82F4430083141A /* CoreGraphics.framework in Frameworks */ = {isa = PBXBuildFile; fileRef = 2E2959D01E82F4430083141A /* CoreGraphics.framework */; };
		2E2959D31E82F44A0083141A /* CoreLocation.framework in Frameworks */ = {isa = PBXBuildFile; fileRef = 2E2959D21E82F44A0083141A /* CoreLocation.framework */; };
		2E2959D51E82F4500083141A /* CoreText.framework in Frameworks */ = {isa = PBXBuildFile; fileRef = 2E2959D41E82F4500083141A /* CoreText.framework */; };
		2E2959D71E82F4D00083141A /* GLKit.framework in Frameworks */ = {isa = PBXBuildFile; fileRef = 2E2959D61E82F4D00083141A /* GLKit.framework */; };
		2E2959D91E82F4D50083141A /* ImageIO.framework in Frameworks */ = {isa = PBXBuildFile; fileRef = 2E2959D81E82F4D50083141A /* ImageIO.framework */; };
		2E2959DB1E82F4DE0083141A /* libc++.tbd in Frameworks */ = {isa = PBXBuildFile; fileRef = 2E2959DA1E82F4DE0083141A /* libc++.tbd */; };
		2E2959DD1E82F4E50083141A /* libz.tbd in Frameworks */ = {isa = PBXBuildFile; fileRef = 2E2959DC1E82F4E50083141A /* libz.tbd */; };
		2E2959DF1E82F4EB0083141A /* OpenGLES.framework in Frameworks */ = {isa = PBXBuildFile; fileRef = 2E2959DE1E82F4EB0083141A /* OpenGLES.framework */; };
		2E2959E11E82F4F20083141A /* QuartzCore.framework in Frameworks */ = {isa = PBXBuildFile; fileRef = 2E2959E01E82F4F20083141A /* QuartzCore.framework */; };
		2E2959E31E82F4F90083141A /* SystemConfiguration.framework in Frameworks */ = {isa = PBXBuildFile; fileRef = 2E2959E21E82F4F90083141A /* SystemConfiguration.framework */; };
		2E2959E51E82F4FD0083141A /* UIKit.framework in Frameworks */ = {isa = PBXBuildFile; fileRef = 2E2959E41E82F4FD0083141A /* UIKit.framework */; };
		2E2959E61E82F5600083141A /* GoogleMapsCore.framework in Resources */ = {isa = PBXBuildFile; fileRef = 2E2959C71E82F3B30083141A /* GoogleMapsCore.framework */; };
		2E2959E71E82F5600083141A /* GoogleMaps.framework in Resources */ = {isa = PBXBuildFile; fileRef = 2E2959C51E82F3A60083141A /* GoogleMaps.framework */; };
		2E2959E81E82F5600083141A /* GoogleMapsBase.framework in Resources */ = {isa = PBXBuildFile; fileRef = 2E2959C11E82F3740083141A /* GoogleMapsBase.framework */; };
		2E2959EF1E82FF440083141A /* MapTasks.swift in Sources */ = {isa = PBXBuildFile; fileRef = 2E2959EE1E82FF440083141A /* MapTasks.swift */; };
/* End PBXBuildFile section */

/* Begin PBXFileReference section */
		2E2817281E844BCD00069BCA /* QueueDisplayViewController.swift */ = {isa = PBXFileReference; fileEncoding = 4; lastKnownFileType = sourcecode.swift; path = QueueDisplayViewController.swift; sourceTree = "<group>"; };
		2E28172A1E845AF700069BCA /* AirportDetailsViewController.swift */ = {isa = PBXFileReference; fileEncoding = 4; lastKnownFileType = sourcecode.swift; path = AirportDetailsViewController.swift; sourceTree = "<group>"; };
		2E28172C1E845BF600069BCA /* MKButton.swift */ = {isa = PBXFileReference; fileEncoding = 4; lastKnownFileType = sourcecode.swift; path = MKButton.swift; sourceTree = "<group>"; };
		2E28172D1E845BF600069BCA /* MKLayer.swift */ = {isa = PBXFileReference; fileEncoding = 4; lastKnownFileType = sourcecode.swift; path = MKLayer.swift; sourceTree = "<group>"; };
		2E28172E1E845BF600069BCA /* MKTextField.swift */ = {isa = PBXFileReference; fileEncoding = 4; lastKnownFileType = sourcecode.swift; path = MKTextField.swift; sourceTree = "<group>"; };
		2E2817321E845C2900069BCA /* MKColor.swift */ = {isa = PBXFileReference; fileEncoding = 4; lastKnownFileType = sourcecode.swift; path = MKColor.swift; sourceTree = "<group>"; };
		2E2817391E84F3E400069BCA /* BoardView.xib */ = {isa = PBXFileReference; fileEncoding = 4; lastKnownFileType = file.xib; name = BoardView.xib; path = ../BoardView.xib; sourceTree = "<group>"; };
		2E28173B1E84F58B00069BCA /* BoardView.swift */ = {isa = PBXFileReference; fileEncoding = 4; lastKnownFileType = sourcecode.swift; path = BoardView.swift; sourceTree = "<group>"; };
		2E2959AB1E82F0BC0083141A /* Throughput Calculation.app */ = {isa = PBXFileReference; explicitFileType = wrapper.application; includeInIndex = 0; path = "Throughput Calculation.app"; sourceTree = BUILT_PRODUCTS_DIR; };
		2E2959AE1E82F0BC0083141A /* AppDelegate.swift */ = {isa = PBXFileReference; lastKnownFileType = sourcecode.swift; path = AppDelegate.swift; sourceTree = "<group>"; };
		2E2959B01E82F0BC0083141A /* MapViewController.swift */ = {isa = PBXFileReference; lastKnownFileType = sourcecode.swift; path = MapViewController.swift; sourceTree = "<group>"; };
		2E2959B31E82F0BD0083141A /* Base */ = {isa = PBXFileReference; lastKnownFileType = file.storyboard; name = Base; path = Base.lproj/Main.storyboard; sourceTree = "<group>"; };
		2E2959B51E82F0BD0083141A /* Images.xcassets */ = {isa = PBXFileReference; lastKnownFileType = folder.assetcatalog; path = Images.xcassets; sourceTree = "<group>"; };
		2E2959B81E82F0BD0083141A /* Base */ = {isa = PBXFileReference; lastKnownFileType = file.storyboard; name = Base; path = Base.lproj/LaunchScreen.storyboard; sourceTree = "<group>"; };
		2E2959BA1E82F0BD0083141A /* Info.plist */ = {isa = PBXFileReference; lastKnownFileType = text.plist.xml; path = Info.plist; sourceTree = "<group>"; };
		2E2959C11E82F3740083141A /* GoogleMapsBase.framework */ = {isa = PBXFileReference; lastKnownFileType = wrapper.framework; path = GoogleMapsBase.framework; sourceTree = "<group>"; };
		2E2959C51E82F3A60083141A /* GoogleMaps.framework */ = {isa = PBXFileReference; lastKnownFileType = wrapper.framework; path = GoogleMaps.framework; sourceTree = "<group>"; };
		2E2959C71E82F3B30083141A /* GoogleMapsCore.framework */ = {isa = PBXFileReference; lastKnownFileType = wrapper.framework; path = GoogleMapsCore.framework; sourceTree = "<group>"; };
		2E2959C91E82F3F40083141A /* GoogleMaps.bundle */ = {isa = PBXFileReference; lastKnownFileType = "wrapper.plug-in"; name = GoogleMaps.bundle; path = GoogleMaps.framework/Versions/A/Resources/GoogleMaps.bundle; sourceTree = "<group>"; };
		2E2959CC1E82F4200083141A /* Accelerate.framework */ = {isa = PBXFileReference; lastKnownFileType = wrapper.framework; name = Accelerate.framework; path = System/Library/Frameworks/Accelerate.framework; sourceTree = SDKROOT; };
		2E2959CE1E82F4290083141A /* CoreData.framework */ = {isa = PBXFileReference; lastKnownFileType = wrapper.framework; name = CoreData.framework; path = System/Library/Frameworks/CoreData.framework; sourceTree = SDKROOT; };
		2E2959D01E82F4430083141A /* CoreGraphics.framework */ = {isa = PBXFileReference; lastKnownFileType = wrapper.framework; name = CoreGraphics.framework; path = System/Library/Frameworks/CoreGraphics.framework; sourceTree = SDKROOT; };
		2E2959D21E82F44A0083141A /* CoreLocation.framework */ = {isa = PBXFileReference; lastKnownFileType = wrapper.framework; name = CoreLocation.framework; path = System/Library/Frameworks/CoreLocation.framework; sourceTree = SDKROOT; };
		2E2959D41E82F4500083141A /* CoreText.framework */ = {isa = PBXFileReference; lastKnownFileType = wrapper.framework; name = CoreText.framework; path = System/Library/Frameworks/CoreText.framework; sourceTree = SDKROOT; };
		2E2959D61E82F4D00083141A /* GLKit.framework */ = {isa = PBXFileReference; lastKnownFileType = wrapper.framework; name = GLKit.framework; path = System/Library/Frameworks/GLKit.framework; sourceTree = SDKROOT; };
		2E2959D81E82F4D50083141A /* ImageIO.framework */ = {isa = PBXFileReference; lastKnownFileType = wrapper.framework; name = ImageIO.framework; path = System/Library/Frameworks/ImageIO.framework; sourceTree = SDKROOT; };
		2E2959DA1E82F4DE0083141A /* libc++.tbd */ = {isa = PBXFileReference; lastKnownFileType = "sourcecode.text-based-dylib-definition"; name = "libc++.tbd"; path = "usr/lib/libc++.tbd"; sourceTree = SDKROOT; };
		2E2959DC1E82F4E50083141A /* libz.tbd */ = {isa = PBXFileReference; lastKnownFileType = "sourcecode.text-based-dylib-definition"; name = libz.tbd; path = usr/lib/libz.tbd; sourceTree = SDKROOT; };
		2E2959DE1E82F4EB0083141A /* OpenGLES.framework */ = {isa = PBXFileReference; lastKnownFileType = wrapper.framework; name = OpenGLES.framework; path = System/Library/Frameworks/OpenGLES.framework; sourceTree = SDKROOT; };
		2E2959E01E82F4F20083141A /* QuartzCore.framework */ = {isa = PBXFileReference; lastKnownFileType = wrapper.framework; name = QuartzCore.framework; path = System/Library/Frameworks/QuartzCore.framework; sourceTree = SDKROOT; };
		2E2959E21E82F4F90083141A /* SystemConfiguration.framework */ = {isa = PBXFileReference; lastKnownFileType = wrapper.framework; name = SystemConfiguration.framework; path = System/Library/Frameworks/SystemConfiguration.framework; sourceTree = SDKROOT; };
		2E2959E41E82F4FD0083141A /* UIKit.framework */ = {isa = PBXFileReference; lastKnownFileType = wrapper.framework; name = UIKit.framework; path = System/Library/Frameworks/UIKit.framework; sourceTree = SDKROOT; };
		2E2959E91E82F6320083141A /* Throughput Calculation-Bridging-Header.h */ = {isa = PBXFileReference; lastKnownFileType = sourcecode.c.h; path = "Throughput Calculation-Bridging-Header.h"; sourceTree = "<group>"; };
		2E2959EE1E82FF440083141A /* MapTasks.swift */ = {isa = PBXFileReference; fileEncoding = 4; lastKnownFileType = sourcecode.swift; path = MapTasks.swift; sourceTree = "<group>"; };
/* End PBXFileReference section */

/* Begin PBXFrameworksBuildPhase section */
		2E2959A81E82F0BC0083141A /* Frameworks */ = {
			isa = PBXFrameworksBuildPhase;
			buildActionMask = 2147483647;
			files = (
				2E2959E51E82F4FD0083141A /* UIKit.framework in Frameworks */,
				2E2959E31E82F4F90083141A /* SystemConfiguration.framework in Frameworks */,
				2E2959E11E82F4F20083141A /* QuartzCore.framework in Frameworks */,
				2E2959DF1E82F4EB0083141A /* OpenGLES.framework in Frameworks */,
				2E2959DD1E82F4E50083141A /* libz.tbd in Frameworks */,
				2E2959DB1E82F4DE0083141A /* libc++.tbd in Frameworks */,
				2E2959D91E82F4D50083141A /* ImageIO.framework in Frameworks */,
				2E2959D71E82F4D00083141A /* GLKit.framework in Frameworks */,
				2E2959D51E82F4500083141A /* CoreText.framework in Frameworks */,
				2E2959D31E82F44A0083141A /* CoreLocation.framework in Frameworks */,
				2E2959D11E82F4430083141A /* CoreGraphics.framework in Frameworks */,
				2E2959CF1E82F4290083141A /* CoreData.framework in Frameworks */,
				2E2959CD1E82F4200083141A /* Accelerate.framework in Frameworks */,
				2E2959C61E82F3A60083141A /* GoogleMaps.framework in Frameworks */,
				2E2959C81E82F3B30083141A /* GoogleMapsCore.framework in Frameworks */,
				2E2959C21E82F3740083141A /* GoogleMapsBase.framework in Frameworks */,
			);
			runOnlyForDeploymentPostprocessing = 0;
		};
/* End PBXFrameworksBuildPhase section */

/* Begin PBXGroup section */
		2E2817341E845C3B00069BCA /* Material Kit */ = {
			isa = PBXGroup;
			children = (
				2E28172C1E845BF600069BCA /* MKButton.swift */,
				2E28172D1E845BF600069BCA /* MKLayer.swift */,
				2E28172E1E845BF600069BCA /* MKTextField.swift */,
				2E2817321E845C2900069BCA /* MKColor.swift */,
			);
			name = "Material Kit";
			sourceTree = "<group>";
		};
		2E2817361E84F38300069BCA /* Custom SubViews */ = {
			isa = PBXGroup;
			children = (
				2E2817391E84F3E400069BCA /* BoardView.xib */,
				2E28173B1E84F58B00069BCA /* BoardView.swift */,
			);
			name = "Custom SubViews";
			sourceTree = "<group>";
		};
		2E2959A21E82F0BC0083141A = {
			isa = PBXGroup;
			children = (
				2E2959C01E82F35D0083141A /* Google Maps SDK */,
				2E2959AD1E82F0BC0083141A /* Throughput Calculation */,
				2E2959AC1E82F0BC0083141A /* Products */,
				2E2959CB1E82F4200083141A /* Frameworks */,
				2E2959E91E82F6320083141A /* Throughput Calculation-Bridging-Header.h */,
			);
			sourceTree = "<group>";
		};
		2E2959AC1E82F0BC0083141A /* Products */ = {
			isa = PBXGroup;
			children = (
				2E2959AB1E82F0BC0083141A /* Throughput Calculation.app */,
			);
			name = Products;
			sourceTree = "<group>";
		};
		2E2959AD1E82F0BC0083141A /* Throughput Calculation */ = {
			isa = PBXGroup;
			children = (
				2E2817361E84F38300069BCA /* Custom SubViews */,
				2E2817341E845C3B00069BCA /* Material Kit */,
				2E2959EE1E82FF440083141A /* MapTasks.swift */,
				2E2959AE1E82F0BC0083141A /* AppDelegate.swift */,
				2E2959B01E82F0BC0083141A /* MapViewController.swift */,
				2E2959B21E82F0BD0083141A /* Main.storyboard */,
				2E28172A1E845AF700069BCA /* AirportDetailsViewController.swift */,
				2E2817281E844BCD00069BCA /* QueueDisplayViewController.swift */,
				2E2959B51E82F0BD0083141A /* Images.xcassets */,
				2E2959B71E82F0BD0083141A /* LaunchScreen.storyboard */,
				2E2959BA1E82F0BD0083141A /* Info.plist */,
			);
			path = "Throughput Calculation";
			sourceTree = "<group>";
		};
		2E2959C01E82F35D0083141A /* Google Maps SDK */ = {
			isa = PBXGroup;
			children = (
				2E2959C91E82F3F40083141A /* GoogleMaps.bundle */,
				2E2959C71E82F3B30083141A /* GoogleMapsCore.framework */,
				2E2959C51E82F3A60083141A /* GoogleMaps.framework */,
				2E2959C11E82F3740083141A /* GoogleMapsBase.framework */,
			);
			name = "Google Maps SDK";
			sourceTree = "<group>";
		};
		2E2959CB1E82F4200083141A /* Frameworks */ = {
			isa = PBXGroup;
			children = (
				2E2959E41E82F4FD0083141A /* UIKit.framework */,
				2E2959E21E82F4F90083141A /* SystemConfiguration.framework */,
				2E2959E01E82F4F20083141A /* QuartzCore.framework */,
				2E2959DE1E82F4EB0083141A /* OpenGLES.framework */,
				2E2959DC1E82F4E50083141A /* libz.tbd */,
				2E2959DA1E82F4DE0083141A /* libc++.tbd */,
				2E2959D81E82F4D50083141A /* ImageIO.framework */,
				2E2959D61E82F4D00083141A /* GLKit.framework */,
				2E2959D41E82F4500083141A /* CoreText.framework */,
				2E2959D21E82F44A0083141A /* CoreLocation.framework */,
				2E2959D01E82F4430083141A /* CoreGraphics.framework */,
				2E2959CE1E82F4290083141A /* CoreData.framework */,
				2E2959CC1E82F4200083141A /* Accelerate.framework */,
			);
			name = Frameworks;
			sourceTree = "<group>";
		};
/* End PBXGroup section */

/* Begin PBXNativeTarget section */
		2E2959AA1E82F0BC0083141A /* Throughput Calculation */ = {
			isa = PBXNativeTarget;
			buildConfigurationList = 2E2959BD1E82F0BD0083141A /* Build configuration list for PBXNativeTarget "Throughput Calculation" */;
			buildPhases = (
				2E2959A71E82F0BC0083141A /* Sources */,
				2E2959A81E82F0BC0083141A /* Frameworks */,
				2E2959A91E82F0BC0083141A /* Resources */,
			);
			buildRules = (
			);
			dependencies = (
			);
			name = "Throughput Calculation";
			productName = "Throughput Calculation";
			productReference = 2E2959AB1E82F0BC0083141A /* Throughput Calculation.app */;
			productType = "com.apple.product-type.application";
		};
/* End PBXNativeTarget section */

/* Begin PBXProject section */
		2E2959A31E82F0BC0083141A /* Project object */ = {
			isa = PBXProject;
			attributes = {
				LastSwiftUpdateCheck = 0820;
				LastUpgradeCheck = 0820;
				ORGANIZATIONNAME = "Avinav Goel";
				TargetAttributes = {
					2E2959AA1E82F0BC0083141A = {
						CreatedOnToolsVersion = 8.2.1;
						DevelopmentTeam = EGCPQ69VHF;
						LastSwiftMigration = 0820;
						ProvisioningStyle = Automatic;
					};
				};
			};
			buildConfigurationList = 2E2959A61E82F0BC0083141A /* Build configuration list for PBXProject "Throughput Calculation" */;
			compatibilityVersion = "Xcode 3.2";
			developmentRegion = English;
			hasScannedForEncodings = 0;
			knownRegions = (
				en,
				Base,
			);
			mainGroup = 2E2959A21E82F0BC0083141A;
			productRefGroup = 2E2959AC1E82F0BC0083141A /* Products */;
			projectDirPath = "";
			projectRoot = "";
			targets = (
				2E2959AA1E82F0BC0083141A /* Throughput Calculation */,
			);
		};
/* End PBXProject section */

/* Begin PBXResourcesBuildPhase section */
		2E2959A91E82F0BC0083141A /* Resources */ = {
			isa = PBXResourcesBuildPhase;
			buildActionMask = 2147483647;
			files = (
				2E2959E61E82F5600083141A /* GoogleMapsCore.framework in Resources */,
				2E28173A1E84F3E400069BCA /* BoardView.xib in Resources */,
				2E2959E71E82F5600083141A /* GoogleMaps.framework in Resources */,
				2E2959E81E82F5600083141A /* GoogleMapsBase.framework in Resources */,
				2E2959B91E82F0BD0083141A /* LaunchScreen.storyboard in Resources */,
				2E2959B61E82F0BD0083141A /* Images.xcassets in Resources */,
				2E2959B41E82F0BD0083141A /* Main.storyboard in Resources */,
				2E2959CA1E82F3F40083141A /* GoogleMaps.bundle in Resources */,
			);
			runOnlyForDeploymentPostprocessing = 0;
		};
/* End PBXResourcesBuildPhase section */

/* Begin PBXSourcesBuildPhase section */
		2E2959A71E82F0BC0083141A /* Sources */ = {
			isa = PBXSourcesBuildPhase;
			buildActionMask = 2147483647;
			files = (
				2E2959EF1E82FF440083141A /* MapTasks.swift in Sources */,
				2E2959B11E82F0BC0083141A /* MapViewController.swift in Sources */,
				2E2817291E844BCD00069BCA /* QueueDisplayViewController.swift in Sources */,
				2E2817331E845C2900069BCA /* MKColor.swift in Sources */,
				2E2817301E845BF600069BCA /* MKLayer.swift in Sources */,
				2E28172F1E845BF600069BCA /* MKButton.swift in Sources */,
				2E2817311E845BF600069BCA /* MKTextField.swift in Sources */,
				2E28173C1E84F58B00069BCA /* BoardView.swift in Sources */,
				2E28172B1E845AF700069BCA /* AirportDetailsViewController.swift in Sources */,
				2E2959AF1E82F0BC0083141A /* AppDelegate.swift in Sources */,
			);
			runOnlyForDeploymentPostprocessing = 0;
		};
/* End PBXSourcesBuildPhase section */

/* Begin PBXVariantGroup section */
		2E2959B21E82F0BD0083141A /* Main.storyboard */ = {
			isa = PBXVariantGroup;
			children = (
				2E2959B31E82F0BD0083141A /* Base */,
			);
			name = Main.storyboard;
			sourceTree = "<group>";
		};
		2E2959B71E82F0BD0083141A /* LaunchScreen.storyboard */ = {
			isa = PBXVariantGroup;
			children = (
				2E2959B81E82F0BD0083141A /* Base */,
			);
			name = LaunchScreen.storyboard;
			sourceTree = "<group>";
		};
/* End PBXVariantGroup section */

/* Begin XCBuildConfiguration section */
		2E2959BB1E82F0BD0083141A /* Debug */ = {
			isa = XCBuildConfiguration;
			buildSettings = {
				ALWAYS_SEARCH_USER_PATHS = NO;
				CLANG_ANALYZER_NONNULL = YES;
				CLANG_CXX_LANGUAGE_STANDARD = "gnu++0x";
				CLANG_CXX_LIBRARY = "libc++";
				CLANG_ENABLE_MODULES = YES;
				CLANG_ENABLE_OBJC_ARC = YES;
				CLANG_WARN_BOOL_CONVERSION = YES;
				CLANG_WARN_CONSTANT_CONVERSION = YES;
				CLANG_WARN_DIRECT_OBJC_ISA_USAGE = YES_ERROR;
				CLANG_WARN_DOCUMENTATION_COMMENTS = YES;
				CLANG_WARN_EMPTY_BODY = YES;
				CLANG_WARN_ENUM_CONVERSION = YES;
				CLANG_WARN_INFINITE_RECURSION = YES;
				CLANG_WARN_INT_CONVERSION = YES;
				CLANG_WARN_OBJC_ROOT_CLASS = YES_ERROR;
				CLANG_WARN_SUSPICIOUS_MOVE = YES;
				CLANG_WARN_UNREACHABLE_CODE = YES;
				CLANG_WARN__DUPLICATE_METHOD_MATCH = YES;
				"CODE_SIGN_IDENTITY[sdk=iphoneos*]" = "iPhone Developer";
				COPY_PHASE_STRIP = NO;
				DEBUG_INFORMATION_FORMAT = dwarf;
				ENABLE_STRICT_OBJC_MSGSEND = YES;
				ENABLE_TESTABILITY = YES;
				GCC_C_LANGUAGE_STANDARD = gnu99;
				GCC_DYNAMIC_NO_PIC = NO;
				GCC_NO_COMMON_BLOCKS = YES;
				GCC_OPTIMIZATION_LEVEL = 0;
				GCC_PREPROCESSOR_DEFINITIONS = (
					"DEBUG=1",
					"$(inherited)",
				);
				GCC_WARN_64_TO_32_BIT_CONVERSION = YES;
				GCC_WARN_ABOUT_RETURN_TYPE = YES_ERROR;
				GCC_WARN_UNDECLARED_SELECTOR = YES;
				GCC_WARN_UNINITIALIZED_AUTOS = YES_AGGRESSIVE;
				GCC_WARN_UNUSED_FUNCTION = YES;
				GCC_WARN_UNUSED_VARIABLE = YES;
				IPHONEOS_DEPLOYMENT_TARGET = 10.2;
				MTL_ENABLE_DEBUG_INFO = YES;
				ONLY_ACTIVE_ARCH = YES;
				SDKROOT = iphoneos;
				SWIFT_ACTIVE_COMPILATION_CONDITIONS = DEBUG;
				SWIFT_OPTIMIZATION_LEVEL = "-Onone";
			};
			name = Debug;
		};
		2E2959BC1E82F0BD0083141A /* Release */ = {
			isa = XCBuildConfiguration;
			buildSettings = {
				ALWAYS_SEARCH_USER_PATHS = NO;
				CLANG_ANALYZER_NONNULL = YES;
				CLANG_CXX_LANGUAGE_STANDARD = "gnu++0x";
				CLANG_CXX_LIBRARY = "libc++";
				CLANG_ENABLE_MODULES = YES;
				CLANG_ENABLE_OBJC_ARC = YES;
				CLANG_WARN_BOOL_CONVERSION = YES;
				CLANG_WARN_CONSTANT_CONVERSION = YES;
				CLANG_WARN_DIRECT_OBJC_ISA_USAGE = YES_ERROR;
				CLANG_WARN_DOCUMENTATION_COMMENTS = YES;
				CLANG_WARN_EMPTY_BODY = YES;
				CLANG_WARN_ENUM_CONVERSION = YES;
				CLANG_WARN_INFINITE_RECURSION = YES;
				CLANG_WARN_INT_CONVERSION = YES;
				CLANG_WARN_OBJC_ROOT_CLASS = YES_ERROR;
				CLANG_WARN_SUSPICIOUS_MOVE = YES;
				CLANG_WARN_UNREACHABLE_CODE = YES;
				CLANG_WARN__DUPLICATE_METHOD_MATCH = YES;
				"CODE_SIGN_IDENTITY[sdk=iphoneos*]" = "iPhone Developer";
				COPY_PHASE_STRIP = NO;
				DEBUG_INFORMATION_FORMAT = "dwarf-with-dsym";
				ENABLE_NS_ASSERTIONS = NO;
				ENABLE_STRICT_OBJC_MSGSEND = YES;
				GCC_C_LANGUAGE_STANDARD = gnu99;
				GCC_NO_COMMON_BLOCKS = YES;
				GCC_WARN_64_TO_32_BIT_CONVERSION = YES;
				GCC_WARN_ABOUT_RETURN_TYPE = YES_ERROR;
				GCC_WARN_UNDECLARED_SELECTOR = YES;
				GCC_WARN_UNINITIALIZED_AUTOS = YES_AGGRESSIVE;
				GCC_WARN_UNUSED_FUNCTION = YES;
				GCC_WARN_UNUSED_VARIABLE = YES;
				IPHONEOS_DEPLOYMENT_TARGET = 10.2;
				MTL_ENABLE_DEBUG_INFO = NO;
				SDKROOT = iphoneos;
				SWIFT_OPTIMIZATION_LEVEL = "-Owholemodule";
				VALIDATE_PRODUCT = YES;
			};
			name = Release;
		};
		2E2959BE1E82F0BD0083141A /* Debug */ = {
			isa = XCBuildConfiguration;
			buildSettings = {
				ASSETCATALOG_COMPILER_APPICON_NAME = AppIcon;
				CLANG_ENABLE_MODULES = YES;
				DEVELOPMENT_TEAM = EGCPQ69VHF;
				FRAMEWORK_SEARCH_PATHS = (
					"$(inherited)",
					"$(PROJECT_DIR)",
				);
				INFOPLIST_FILE = "Throughput Calculation/Info.plist";
				IPHONEOS_DEPLOYMENT_TARGET = 8.0;
				LD_RUNPATH_SEARCH_PATHS = "$(inherited) @executable_path/Frameworks";
				OTHER_LDFLAGS = "-ObjC";
				PRODUCT_BUNDLE_IDENTIFIER = "com.Avinav.Throughput-Calculation";
				PRODUCT_NAME = "$(TARGET_NAME)";
				SWIFT_OBJC_BRIDGING_HEADER = "Throughput Calculation-Bridging-Header.h";
				SWIFT_OPTIMIZATION_LEVEL = "-Onone";
				SWIFT_VERSION = 3.0;
			};
			name = Debug;
		};
		2E2959BF1E82F0BD0083141A /* Release */ = {
			isa = XCBuildConfiguration;
			buildSettings = {
				ASSETCATALOG_COMPILER_APPICON_NAME = AppIcon;
				CLANG_ENABLE_MODULES = YES;
				DEVELOPMENT_TEAM = EGCPQ69VHF;
				FRAMEWORK_SEARCH_PATHS = (
					"$(inherited)",
					"$(PROJECT_DIR)",
				);
				INFOPLIST_FILE = "Throughput Calculation/Info.plist";
				IPHONEOS_DEPLOYMENT_TARGET = 8.0;
				LD_RUNPATH_SEARCH_PATHS = "$(inherited) @executable_path/Frameworks";
				OTHER_LDFLAGS = "-ObjC";
				PRODUCT_BUNDLE_IDENTIFIER = "com.Avinav.Throughput-Calculation";
				PRODUCT_NAME = "$(TARGET_NAME)";
				SWIFT_OBJC_BRIDGING_HEADER = "Throughput Calculation-Bridging-Header.h";
				SWIFT_VERSION = 3.0;
			};
			name = Release;
		};
/* End XCBuildConfiguration section */

/* Begin XCConfigurationList section */
		2E2959A61E82F0BC0083141A /* Build configuration list for PBXProject "Throughput Calculation" */ = {
			isa = XCConfigurationList;
			buildConfigurations = (
				2E2959BB1E82F0BD0083141A /* Debug */,
				2E2959BC1E82F0BD0083141A /* Release */,
			);
			defaultConfigurationIsVisible = 0;
			defaultConfigurationName = Release;
		};
		2E2959BD1E82F0BD0083141A /* Build configuration list for PBXNativeTarget "Throughput Calculation" */ = {
			isa = XCConfigurationList;
			buildConfigurations = (
				2E2959BE1E82F0BD0083141A /* Debug */,
				2E2959BF1E82F0BD0083141A /* Release */,
			);
			defaultConfigurationIsVisible = 0;
			defaultConfigurationName = Release;
		};
/* End XCConfigurationList section */
	};
	rootObject = 2E2959A31E82F0BC0083141A /* Project object */;
}
